
Microsoft Visual Studio Solution File, Format Version 12.00
# Visual Studio 15
VisualStudioVersion = 15.0.28307.1433
MinimumVisualStudioVersion = 10.0.40219.1
Project("{8BC9CEB8-8B4A-11D0-8D11-00A0C91BC942}") = "Game", "Game\Game.vcxproj", "{044DC01A-8A7B-4789-9464-64E09653DDB2}"
EndProject
Project("{8BC9CEB8-8B4A-11D0-8D11-00A0C91BC942}") = "Exercise_4_1", "Exercise_4_1\Exercise_4_1.vcxproj", "{DDFCAC1B-35BC-47DE-8F97-7D0C02708E8E}"
EndProject
Global
	GlobalSection(SolutionConfigurationPlatforms) = preSolution
		Debug|x64 = Debug|x64
		Debug|x86 = Debug|x86
		Release|x64 = Release|x64
		Release|x86 = Release|x86
	EndGlobalSection
	GlobalSection(ProjectConfigurationPlatforms) = postSolution
		{044DC01A-8A7B-4789-9464-64E09653DDB2}.Debug|x64.ActiveCfg = Debug|x64
		{044DC01A-8A7B-4789-9464-64E09653DDB2}.Debug|x64.Build.0 = Debug|x64
		{044DC01A-8A7B-4789-9464-64E09653DDB2}.Debug|x86.ActiveCfg = Debug|Win32
		{044DC01A-8A7B-4789-9464-64E09653DDB2}.Debug|x86.Build.0 = Debug|Win32
		{044DC01A-8A7B-4789-9464-64E09653DDB2}.Release|x64.ActiveCfg = Release|x64
		{044DC01A-8A7B-4789-9464-64E09653DDB2}.Release|x64.Build.0 = Release|x64
		{044DC01A-8A7B-4789-9464-64E09653DDB2}.Release|x86.ActiveCfg = Release|Win32
		{044DC01A-8A7B-4789-9464-64E09653DDB2}.Release|x86.Build.0 = Release|Win32
		{DDFCAC1B-35BC-47DE-8F97-7D0C02708E8E}.Debug|x64.ActiveCfg = Debug|x64
		{DDFCAC1B-35BC-47DE-8F97-7D0C02708E8E}.Debug|x64.Build.0 = Debug|x64
		{DDFCAC1B-35BC-47DE-8F97-7D0C02708E8E}.Debug|x86.ActiveCfg = Debug|Win32
		{DDFCAC1B-35BC-47DE-8F97-7D0C02708E8E}.Debug|x86.Build.0 = Debug|Win32
		{DDFCAC1B-35BC-47DE-8F97-7D0C02708E8E}.Release|x64.ActiveCfg = Release|x64
		{DDFCAC1B-35BC-47DE-8F97-7D0C02708E8E}.Release|x64.Build.0 = Release|x64
		{DDFCAC1B-35BC-47DE-8F97-7D0C02708E8E}.Release|x86.ActiveCfg = Release|Win32
		{DDFCAC1B-35BC-47DE-8F97-7D0C02708E8E}.Release|x86.Build.0 = Release|Win32
	EndGlobalSection
	GlobalSection(SolutionProperties) = preSolution
		HideSolutionNode = FALSE
	EndGlobalSection
	GlobalSection(ExtensibilityGlobals) = postSolution
		SolutionGuid = {1F602205-D27E-4D1F-9F9C-79453A6F80DA}
	EndGlobalSection
EndGlobal
