
Microsoft Visual Studio Solution File, Format Version 12.00
# Visual Studio 15
VisualStudioVersion = 15.0.28307.1340
MinimumVisualStudioVersion = 10.0.40219.1
Project("{8BC9CEB8-8B4A-11D0-8D11-00A0C91BC942}") = "Game", "Game\Game.vcxproj", "{A58D67E4-45A1-4346-A342-9E57D9020798}"
EndProject
Global
	GlobalSection(SolutionConfigurationPlatforms) = preSolution
		Debug|x64 = Debug|x64
		Debug|x86 = Debug|x86
		Release|x64 = Release|x64
		Release|x86 = Release|x86
	EndGlobalSection
	GlobalSection(ProjectConfigurationPlatforms) = postSolution
		{A58D67E4-45A1-4346-A342-9E57D9020798}.Debug|x64.ActiveCfg = Debug|x64
		{A58D67E4-45A1-4346-A342-9E57D9020798}.Debug|x64.Build.0 = Debug|x64
		{A58D67E4-45A1-4346-A342-9E57D9020798}.Debug|x86.ActiveCfg = Debug|Win32
		{A58D67E4-45A1-4346-A342-9E57D9020798}.Debug|x86.Build.0 = Debug|Win32
		{A58D67E4-45A1-4346-A342-9E57D9020798}.Release|x64.ActiveCfg = Release|x64
		{A58D67E4-45A1-4346-A342-9E57D9020798}.Release|x64.Build.0 = Release|x64
		{A58D67E4-45A1-4346-A342-9E57D9020798}.Release|x86.ActiveCfg = Release|Win32
		{A58D67E4-45A1-4346-A342-9E57D9020798}.Release|x86.Build.0 = Release|Win32
	EndGlobalSection
	GlobalSection(SolutionProperties) = preSolution
		HideSolutionNode = FALSE
	EndGlobalSection
	GlobalSection(ExtensibilityGlobals) = postSolution
		SolutionGuid = {0470C1BE-743D-4FE4-8457-21D337B5783B}
	EndGlobalSection
EndGlobal
